// !$*UTF8*$!
{
	archiveVersion = 1;
	classes = {
	};
	objectVersion = 56;
	objects = {

/* Begin PBXBuildFile section */
		C627A3842BEF1CE500EF724B /* LandmarkDetailView.swift in Sources */ = {isa = PBXBuildFile; fileRef = C627A3832BEF1CE500EF724B /* LandmarkDetailView.swift */; };
		C627A3862BEF4E7700EF724B /* FavoriteButton.swift in Sources */ = {isa = PBXBuildFile; fileRef = C627A3852BEF4E7700EF724B /* FavoriteButton.swift */; };
		C627A38A2BEF5A0800EF724B /* HexagonParameters.swift in Sources */ = {isa = PBXBuildFile; fileRef = C627A3892BEF5A0800EF724B /* HexagonParameters.swift */; };
		C627A38C2BEF5AFD00EF724B /* BadgeBackground.swift in Sources */ = {isa = PBXBuildFile; fileRef = C627A38B2BEF5AFD00EF724B /* BadgeBackground.swift */; };
		C627A38E2BEF605B00EF724B /* BadgeSymbol.swift in Sources */ = {isa = PBXBuildFile; fileRef = C627A38D2BEF605B00EF724B /* BadgeSymbol.swift */; };
		C627A3902BEF61E500EF724B /* RotatedBadgeSymbol.swift in Sources */ = {isa = PBXBuildFile; fileRef = C627A38F2BEF61E500EF724B /* RotatedBadgeSymbol.swift */; };
		C627A3922BEF623600EF724B /* Badge.swift in Sources */ = {isa = PBXBuildFile; fileRef = C627A3912BEF623600EF724B /* Badge.swift */; };
		C636078F2BF2111400EC617A /* hikeData.json in Resources */ = {isa = PBXBuildFile; fileRef = C636078E2BF2111400EC617A /* hikeData.json */; };
		C63607922BF211CE00EC617A /* Hike.swift in Sources */ = {isa = PBXBuildFile; fileRef = C63607912BF211CE00EC617A /* Hike.swift */; };
		C63607A72BF2140000EC617A /* HikeView.swift in Sources */ = {isa = PBXBuildFile; fileRef = C63607A32BF2140000EC617A /* HikeView.swift */; };
		C63607A82BF2140000EC617A /* HikeGraph.swift in Sources */ = {isa = PBXBuildFile; fileRef = C63607A42BF2140000EC617A /* HikeGraph.swift */; };
		C63607A92BF2140000EC617A /* GraphCapsule.swift in Sources */ = {isa = PBXBuildFile; fileRef = C63607A52BF2140000EC617A /* GraphCapsule.swift */; };
		C63607AA2BF2140000EC617A /* HikeDetail.swift in Sources */ = {isa = PBXBuildFile; fileRef = C63607A62BF2140000EC617A /* HikeDetail.swift */; };
		C65358962BF6FDED00E8590D /* CategoryHomeView.swift in Sources */ = {isa = PBXBuildFile; fileRef = C65358952BF6FDED00E8590D /* CategoryHomeView.swift */; };
		C65358982BF718DA00E8590D /* CategoryRowView.swift in Sources */ = {isa = PBXBuildFile; fileRef = C65358972BF718DA00E8590D /* CategoryRowView.swift */; };
		C653589A2BF71A3600E8590D /* CategoryItemView.swift in Sources */ = {isa = PBXBuildFile; fileRef = C65358992BF71A3600E8590D /* CategoryItemView.swift */; };
		C65A82DB2BEEFE50006CAEAE /* LandmarksApp.swift in Sources */ = {isa = PBXBuildFile; fileRef = C65A82DA2BEEFE50006CAEAE /* LandmarksApp.swift */; };
		C65A82DD2BEEFE50006CAEAE /* ContentView.swift in Sources */ = {isa = PBXBuildFile; fileRef = C65A82DC2BEEFE50006CAEAE /* ContentView.swift */; };
		C65A82DF2BEEFE50006CAEAE /* Assets.xcassets in Resources */ = {isa = PBXBuildFile; fileRef = C65A82DE2BEEFE50006CAEAE /* Assets.xcassets */; };
		C65A82E22BEEFE50006CAEAE /* Preview Assets.xcassets in Resources */ = {isa = PBXBuildFile; fileRef = C65A82E12BEEFE50006CAEAE /* Preview Assets.xcassets */; };
		C65A82E92BEF004A006CAEAE /* CircleImage.swift in Sources */ = {isa = PBXBuildFile; fileRef = C65A82E82BEF004A006CAEAE /* CircleImage.swift */; };
		C65A82EB2BEF0147006CAEAE /* MapView.swift in Sources */ = {isa = PBXBuildFile; fileRef = C65A82EA2BEF0147006CAEAE /* MapView.swift */; };
		C65A82ED2BEF0E78006CAEAE /* landmarkData.json in Resources */ = {isa = PBXBuildFile; fileRef = C65A82EC2BEF0E78006CAEAE /* landmarkData.json */; };
		C65A82F02BEF0E95006CAEAE /* Landmark.swift in Sources */ = {isa = PBXBuildFile; fileRef = C65A82EF2BEF0E95006CAEAE /* Landmark.swift */; };
		C65A82F22BEF0FE0006CAEAE /* ModelData.swift in Sources */ = {isa = PBXBuildFile; fileRef = C65A82F12BEF0FE0006CAEAE /* ModelData.swift */; };
		C65A82F52BEF140E006CAEAE /* LandmarkRowView.swift in Sources */ = {isa = PBXBuildFile; fileRef = C65A82F42BEF140E006CAEAE /* LandmarkRowView.swift */; };
		C65A82F72BEF1911006CAEAE /* LandmarkListView.swift in Sources */ = {isa = PBXBuildFile; fileRef = C65A82F62BEF1911006CAEAE /* LandmarkListView.swift */; };
/* End PBXBuildFile section */

/* Begin PBXFileReference section */
		C627A3832BEF1CE500EF724B /* LandmarkDetailView.swift */ = {isa = PBXFileReference; lastKnownFileType = sourcecode.swift; path = LandmarkDetailView.swift; sourceTree = "<group>"; };
		C627A3852BEF4E7700EF724B /* FavoriteButton.swift */ = {isa = PBXFileReference; lastKnownFileType = sourcecode.swift; path = FavoriteButton.swift; sourceTree = "<group>"; };
		C627A3892BEF5A0800EF724B /* HexagonParameters.swift */ = {isa = PBXFileReference; lastKnownFileType = sourcecode.swift; path = HexagonParameters.swift; sourceTree = "<group>"; };
		C627A38B2BEF5AFD00EF724B /* BadgeBackground.swift */ = {isa = PBXFileReference; lastKnownFileType = sourcecode.swift; path = BadgeBackground.swift; sourceTree = "<group>"; };
		C627A38D2BEF605B00EF724B /* BadgeSymbol.swift */ = {isa = PBXFileReference; lastKnownFileType = sourcecode.swift; path = BadgeSymbol.swift; sourceTree = "<group>"; };
		C627A38F2BEF61E500EF724B /* RotatedBadgeSymbol.swift */ = {isa = PBXFileReference; lastKnownFileType = sourcecode.swift; path = RotatedBadgeSymbol.swift; sourceTree = "<group>"; };
		C627A3912BEF623600EF724B /* Badge.swift */ = {isa = PBXFileReference; lastKnownFileType = sourcecode.swift; path = Badge.swift; sourceTree = "<group>"; };
		C636078E2BF2111400EC617A /* hikeData.json */ = {isa = PBXFileReference; fileEncoding = 4; lastKnownFileType = text.json; path = hikeData.json; sourceTree = "<group>"; };
		C63607912BF211CE00EC617A /* Hike.swift */ = {isa = PBXFileReference; lastKnownFileType = sourcecode.swift; path = Hike.swift; sourceTree = "<group>"; };
		C63607A32BF2140000EC617A /* HikeView.swift */ = {isa = PBXFileReference; fileEncoding = 4; lastKnownFileType = sourcecode.swift; path = HikeView.swift; sourceTree = "<group>"; };
		C63607A42BF2140000EC617A /* HikeGraph.swift */ = {isa = PBXFileReference; fileEncoding = 4; lastKnownFileType = sourcecode.swift; path = HikeGraph.swift; sourceTree = "<group>"; };
		C63607A52BF2140000EC617A /* GraphCapsule.swift */ = {isa = PBXFileReference; fileEncoding = 4; lastKnownFileType = sourcecode.swift; path = GraphCapsule.swift; sourceTree = "<group>"; };
		C63607A62BF2140000EC617A /* HikeDetail.swift */ = {isa = PBXFileReference; fileEncoding = 4; lastKnownFileType = sourcecode.swift; path = HikeDetail.swift; sourceTree = "<group>"; };
		C65358952BF6FDED00E8590D /* CategoryHomeView.swift */ = {isa = PBXFileReference; lastKnownFileType = sourcecode.swift; path = CategoryHomeView.swift; sourceTree = "<group>"; };
		C65358972BF718DA00E8590D /* CategoryRowView.swift */ = {isa = PBXFileReference; lastKnownFileType = sourcecode.swift; path = CategoryRowView.swift; sourceTree = "<group>"; };
		C65358992BF71A3600E8590D /* CategoryItemView.swift */ = {isa = PBXFileReference; lastKnownFileType = sourcecode.swift; path = CategoryItemView.swift; sourceTree = "<group>"; };
		C65A82D72BEEFE50006CAEAE /* Landmarks.app */ = {isa = PBXFileReference; explicitFileType = wrapper.application; includeInIndex = 0; path = Landmarks.app; sourceTree = BUILT_PRODUCTS_DIR; };
		C65A82DA2BEEFE50006CAEAE /* LandmarksApp.swift */ = {isa = PBXFileReference; lastKnownFileType = sourcecode.swift; path = LandmarksApp.swift; sourceTree = "<group>"; };
		C65A82DC2BEEFE50006CAEAE /* ContentView.swift */ = {isa = PBXFileReference; lastKnownFileType = sourcecode.swift; path = ContentView.swift; sourceTree = "<group>"; };
		C65A82DE2BEEFE50006CAEAE /* Assets.xcassets */ = {isa = PBXFileReference; lastKnownFileType = folder.assetcatalog; path = Assets.xcassets; sourceTree = "<group>"; };
		C65A82E12BEEFE50006CAEAE /* Preview Assets.xcassets */ = {isa = PBXFileReference; lastKnownFileType = folder.assetcatalog; path = "Preview Assets.xcassets"; sourceTree = "<group>"; };
		C65A82E82BEF004A006CAEAE /* CircleImage.swift */ = {isa = PBXFileReference; lastKnownFileType = sourcecode.swift; path = CircleImage.swift; sourceTree = "<group>"; };
		C65A82EA2BEF0147006CAEAE /* MapView.swift */ = {isa = PBXFileReference; lastKnownFileType = sourcecode.swift; path = MapView.swift; sourceTree = "<group>"; };
		C65A82EC2BEF0E78006CAEAE /* landmarkData.json */ = {isa = PBXFileReference; fileEncoding = 4; lastKnownFileType = text.json; path = landmarkData.json; sourceTree = "<group>"; };
		C65A82EF2BEF0E95006CAEAE /* Landmark.swift */ = {isa = PBXFileReference; lastKnownFileType = sourcecode.swift; path = Landmark.swift; sourceTree = "<group>"; };
		C65A82F12BEF0FE0006CAEAE /* ModelData.swift */ = {isa = PBXFileReference; lastKnownFileType = sourcecode.swift; path = ModelData.swift; sourceTree = "<group>"; };
		C65A82F42BEF140E006CAEAE /* LandmarkRowView.swift */ = {isa = PBXFileReference; lastKnownFileType = sourcecode.swift; path = LandmarkRowView.swift; sourceTree = "<group>"; };
		C65A82F62BEF1911006CAEAE /* LandmarkListView.swift */ = {isa = PBXFileReference; lastKnownFileType = sourcecode.swift; path = LandmarkListView.swift; sourceTree = "<group>"; };
/* End PBXFileReference section */

/* Begin PBXFrameworksBuildPhase section */
		C65A82D42BEEFE50006CAEAE /* Frameworks */ = {
			isa = PBXFrameworksBuildPhase;
			buildActionMask = 2147483647;
			files = (
			);
			runOnlyForDeploymentPostprocessing = 0;
		};
/* End PBXFrameworksBuildPhase section */

/* Begin PBXGroup section */
		C627A3872BEF4F6100EF724B /* Landmarks */ = {
			isa = PBXGroup;
			children = (
				C65A82F62BEF1911006CAEAE /* LandmarkListView.swift */,
				C65A82F42BEF140E006CAEAE /* LandmarkRowView.swift */,
				C627A3832BEF1CE500EF724B /* LandmarkDetailView.swift */,
			);
			path = Landmarks;
			sourceTree = "<group>";
		};
		C627A3882BEF4F7600EF724B /* Helper */ = {
			isa = PBXGroup;
			children = (
				C65A82E82BEF004A006CAEAE /* CircleImage.swift */,
				C65A82EA2BEF0147006CAEAE /* MapView.swift */,
				C627A3852BEF4E7700EF724B /* FavoriteButton.swift */,
				C627A38B2BEF5AFD00EF724B /* BadgeBackground.swift */,
				C627A38D2BEF605B00EF724B /* BadgeSymbol.swift */,
				C627A38F2BEF61E500EF724B /* RotatedBadgeSymbol.swift */,
				C627A3912BEF623600EF724B /* Badge.swift */,
			);
			path = Helper;
			sourceTree = "<group>";
		};
		C63607902BF2112400EC617A /* Resources */ = {
			isa = PBXGroup;
			children = (
				C65A82DE2BEEFE50006CAEAE /* Assets.xcassets */,
				C65A82EC2BEF0E78006CAEAE /* landmarkData.json */,
				C636078E2BF2111400EC617A /* hikeData.json */,
			);
			path = Resources;
			sourceTree = "<group>";
		};
		C63607A02BF2136900EC617A /* Hikes */ = {
			isa = PBXGroup;
			children = (
				C63607A32BF2140000EC617A /* HikeView.swift */,
				C63607A52BF2140000EC617A /* GraphCapsule.swift */,
				C63607A62BF2140000EC617A /* HikeDetail.swift */,
				C63607A42BF2140000EC617A /* HikeGraph.swift */,
			);
			path = Hikes;
			sourceTree = "<group>";
		};
		C65358942BF6FDE200E8590D /* Categories */ = {
			isa = PBXGroup;
			children = (
				C65358952BF6FDED00E8590D /* CategoryHomeView.swift */,
				C65358972BF718DA00E8590D /* CategoryRowView.swift */,
				C65358992BF71A3600E8590D /* CategoryItemView.swift */,
			);
			path = Categories;
			sourceTree = "<group>";
		};
		C65A82CE2BEEFE4F006CAEAE = {
			isa = PBXGroup;
			children = (
				C65A82D92BEEFE50006CAEAE /* Landmarks */,
				C65A82D82BEEFE50006CAEAE /* Products */,
			);
			sourceTree = "<group>";
		};
		C65A82D82BEEFE50006CAEAE /* Products */ = {
			isa = PBXGroup;
			children = (
				C65A82D72BEEFE50006CAEAE /* Landmarks.app */,
			);
			name = Products;
			sourceTree = "<group>";
		};
		C65A82D92BEEFE50006CAEAE /* Landmarks */ = {
			isa = PBXGroup;
			children = (
				C65A82DA2BEEFE50006CAEAE /* LandmarksApp.swift */,
				C65A82F32BEF13B0006CAEAE /* View */,
				C65A82EE2BEF0E8A006CAEAE /* Model */,
				C63607902BF2112400EC617A /* Resources */,
				C65A82E02BEEFE50006CAEAE /* Preview Content */,
			);
			path = Landmarks;
			sourceTree = "<group>";
		};
		C65A82E02BEEFE50006CAEAE /* Preview Content */ = {
			isa = PBXGroup;
			children = (
				C65A82E12BEEFE50006CAEAE /* Preview Assets.xcassets */,
			);
			path = "Preview Content";
			sourceTree = "<group>";
		};
		C65A82EE2BEF0E8A006CAEAE /* Model */ = {
			isa = PBXGroup;
			children = (
				C65A82EF2BEF0E95006CAEAE /* Landmark.swift */,
				C63607912BF211CE00EC617A /* Hike.swift */,
				C65A82F12BEF0FE0006CAEAE /* ModelData.swift */,
			);
			path = Model;
			sourceTree = "<group>";
		};
		C65A82F32BEF13B0006CAEAE /* View */ = {
			isa = PBXGroup;
			children = (
				C65A82DC2BEEFE50006CAEAE /* ContentView.swift */,
				C627A3892BEF5A0800EF724B /* HexagonParameters.swift */,
				C627A3872BEF4F6100EF724B /* Landmarks */,
				C65358942BF6FDE200E8590D /* Categories */,
				C63607A02BF2136900EC617A /* Hikes */,
				C627A3882BEF4F7600EF724B /* Helper */,
			);
			path = View;
			sourceTree = "<group>";
		};
/* End PBXGroup section */

/* Begin PBXNativeTarget section */
		C65A82D62BEEFE50006CAEAE /* Landmarks */ = {
			isa = PBXNativeTarget;
			buildConfigurationList = C65A82E52BEEFE50006CAEAE /* Build configuration list for PBXNativeTarget "Landmarks" */;
			buildPhases = (
				C65A82D32BEEFE50006CAEAE /* Sources */,
				C65A82D42BEEFE50006CAEAE /* Frameworks */,
				C65A82D52BEEFE50006CAEAE /* Resources */,
			);
			buildRules = (
			);
			dependencies = (
			);
			name = Landmarks;
			productName = Landmarks;
			productReference = C65A82D72BEEFE50006CAEAE /* Landmarks.app */;
			productType = "com.apple.product-type.application";
		};
/* End PBXNativeTarget section */

/* Begin PBXProject section */
		C65A82CF2BEEFE4F006CAEAE /* Project object */ = {
			isa = PBXProject;
			attributes = {
				BuildIndependentTargetsInParallel = 1;
				LastSwiftUpdateCheck = 1500;
				LastUpgradeCheck = 1500;
				TargetAttributes = {
					C65A82D62BEEFE50006CAEAE = {
						CreatedOnToolsVersion = 15.0.1;
					};
				};
			};
			buildConfigurationList = C65A82D22BEEFE4F006CAEAE /* Build configuration list for PBXProject "Landmarks" */;
			compatibilityVersion = "Xcode 14.0";
			developmentRegion = en;
			hasScannedForEncodings = 0;
			knownRegions = (
				en,
				Base,
			);
			mainGroup = C65A82CE2BEEFE4F006CAEAE;
			productRefGroup = C65A82D82BEEFE50006CAEAE /* Products */;
			projectDirPath = "";
			projectRoot = "";
			targets = (
				C65A82D62BEEFE50006CAEAE /* Landmarks */,
			);
		};
/* End PBXProject section */

/* Begin PBXResourcesBuildPhase section */
		C65A82D52BEEFE50006CAEAE /* Resources */ = {
			isa = PBXResourcesBuildPhase;
			buildActionMask = 2147483647;
			files = (
				C636078F2BF2111400EC617A /* hikeData.json in Resources */,
				C65A82E22BEEFE50006CAEAE /* Preview Assets.xcassets in Resources */,
				C65A82DF2BEEFE50006CAEAE /* Assets.xcassets in Resources */,
				C65A82ED2BEF0E78006CAEAE /* landmarkData.json in Resources */,
			);
			runOnlyForDeploymentPostprocessing = 0;
		};
/* End PBXResourcesBuildPhase section */

/* Begin PBXSourcesBuildPhase section */
		C65A82D32BEEFE50006CAEAE /* Sources */ = {
			isa = PBXSourcesBuildPhase;
			buildActionMask = 2147483647;
			files = (
				C65A82DD2BEEFE50006CAEAE /* ContentView.swift in Sources */,
				C65358962BF6FDED00E8590D /* CategoryHomeView.swift in Sources */,
				C63607A82BF2140000EC617A /* HikeGraph.swift in Sources */,
				C65358982BF718DA00E8590D /* CategoryRowView.swift in Sources */,
				C627A3922BEF623600EF724B /* Badge.swift in Sources */,
				C65A82EB2BEF0147006CAEAE /* MapView.swift in Sources */,
				C627A3842BEF1CE500EF724B /* LandmarkDetailView.swift in Sources */,
				C627A3862BEF4E7700EF724B /* FavoriteButton.swift in Sources */,
				C63607A72BF2140000EC617A /* HikeView.swift in Sources */,
				C627A38A2BEF5A0800EF724B /* HexagonParameters.swift in Sources */,
				C63607922BF211CE00EC617A /* Hike.swift in Sources */,
				C627A3902BEF61E500EF724B /* RotatedBadgeSymbol.swift in Sources */,
				C627A38E2BEF605B00EF724B /* BadgeSymbol.swift in Sources */,
				C65A82F72BEF1911006CAEAE /* LandmarkListView.swift in Sources */,
				C65A82DB2BEEFE50006CAEAE /* LandmarksApp.swift in Sources */,
				C627A38C2BEF5AFD00EF724B /* BadgeBackground.swift in Sources */,
				C65A82E92BEF004A006CAEAE /* CircleImage.swift in Sources */,
				C65A82F02BEF0E95006CAEAE /* Landmark.swift in Sources */,
				C65A82F52BEF140E006CAEAE /* LandmarkRowView.swift in Sources */,
				C653589A2BF71A3600E8590D /* CategoryItemView.swift in Sources */,
				C63607A92BF2140000EC617A /* GraphCapsule.swift in Sources */,
				C65A82F22BEF0FE0006CAEAE /* ModelData.swift in Sources */,
				C63607AA2BF2140000EC617A /* HikeDetail.swift in Sources */,
			);
			runOnlyForDeploymentPostprocessing = 0;
		};
/* End PBXSourcesBuildPhase section */

/* Begin XCBuildConfiguration section */
		C65A82E32BEEFE50006CAEAE /* Debug */ = {
			isa = XCBuildConfiguration;
			buildSettings = {
				ALWAYS_SEARCH_USER_PATHS = NO;
				ASSETCATALOG_COMPILER_GENERATE_SWIFT_ASSET_SYMBOL_EXTENSIONS = YES;
				CLANG_ANALYZER_NONNULL = YES;
				CLANG_ANALYZER_NUMBER_OBJECT_CONVERSION = YES_AGGRESSIVE;
				CLANG_CXX_LANGUAGE_STANDARD = "gnu++20";
				CLANG_ENABLE_MODULES = YES;
				CLANG_ENABLE_OBJC_ARC = YES;
				CLANG_ENABLE_OBJC_WEAK = YES;
				CLANG_WARN_BLOCK_CAPTURE_AUTORELEASING = YES;
				CLANG_WARN_BOOL_CONVERSION = YES;
				CLANG_WARN_COMMA = YES;
				CLANG_WARN_CONSTANT_CONVERSION = YES;
				CLANG_WARN_DEPRECATED_OBJC_IMPLEMENTATIONS = YES;
				CLANG_WARN_DIRECT_OBJC_ISA_USAGE = YES_ERROR;
				CLANG_WARN_DOCUMENTATION_COMMENTS = YES;
				CLANG_WARN_EMPTY_BODY = YES;
				CLANG_WARN_ENUM_CONVERSION = YES;
				CLANG_WARN_INFINITE_RECURSION = YES;
				CLANG_WARN_INT_CONVERSION = YES;
				CLANG_WARN_NON_LITERAL_NULL_CONVERSION = YES;
				CLANG_WARN_OBJC_IMPLICIT_RETAIN_SELF = YES;
				CLANG_WARN_OBJC_LITERAL_CONVERSION = YES;
				CLANG_WARN_OBJC_ROOT_CLASS = YES_ERROR;
				CLANG_WARN_QUOTED_INCLUDE_IN_FRAMEWORK_HEADER = YES;
				CLANG_WARN_RANGE_LOOP_ANALYSIS = YES;
				CLANG_WARN_STRICT_PROTOTYPES = YES;
				CLANG_WARN_SUSPICIOUS_MOVE = YES;
				CLANG_WARN_UNGUARDED_AVAILABILITY = YES_AGGRESSIVE;
				CLANG_WARN_UNREACHABLE_CODE = YES;
				CLANG_WARN__DUPLICATE_METHOD_MATCH = YES;
				COPY_PHASE_STRIP = NO;
				DEBUG_INFORMATION_FORMAT = dwarf;
				ENABLE_STRICT_OBJC_MSGSEND = YES;
				ENABLE_TESTABILITY = YES;
				ENABLE_USER_SCRIPT_SANDBOXING = YES;
				GCC_C_LANGUAGE_STANDARD = gnu17;
				GCC_DYNAMIC_NO_PIC = NO;
				GCC_NO_COMMON_BLOCKS = YES;
				GCC_OPTIMIZATION_LEVEL = 0;
				GCC_PREPROCESSOR_DEFINITIONS = (
					"DEBUG=1",
					"$(inherited)",
				);
				GCC_WARN_64_TO_32_BIT_CONVERSION = YES;
				GCC_WARN_ABOUT_RETURN_TYPE = YES_ERROR;
				GCC_WARN_UNDECLARED_SELECTOR = YES;
				GCC_WARN_UNINITIALIZED_AUTOS = YES_AGGRESSIVE;
				GCC_WARN_UNUSED_FUNCTION = YES;
				GCC_WARN_UNUSED_VARIABLE = YES;
				IPHONEOS_DEPLOYMENT_TARGET = 17.0;
				LOCALIZATION_PREFERS_STRING_CATALOGS = YES;
				MTL_ENABLE_DEBUG_INFO = INCLUDE_SOURCE;
				MTL_FAST_MATH = YES;
				ONLY_ACTIVE_ARCH = YES;
				SDKROOT = iphoneos;
				SWIFT_ACTIVE_COMPILATION_CONDITIONS = "DEBUG $(inherited)";
				SWIFT_OPTIMIZATION_LEVEL = "-Onone";
			};
			name = Debug;
		};
		C65A82E42BEEFE50006CAEAE /* Release */ = {
			isa = XCBuildConfiguration;
			buildSettings = {
				ALWAYS_SEARCH_USER_PATHS = NO;
				ASSETCATALOG_COMPILER_GENERATE_SWIFT_ASSET_SYMBOL_EXTENSIONS = YES;
				CLANG_ANALYZER_NONNULL = YES;
				CLANG_ANALYZER_NUMBER_OBJECT_CONVERSION = YES_AGGRESSIVE;
				CLANG_CXX_LANGUAGE_STANDARD = "gnu++20";
				CLANG_ENABLE_MODULES = YES;
				CLANG_ENABLE_OBJC_ARC = YES;
				CLANG_ENABLE_OBJC_WEAK = YES;
				CLANG_WARN_BLOCK_CAPTURE_AUTORELEASING = YES;
				CLANG_WARN_BOOL_CONVERSION = YES;
				CLANG_WARN_COMMA = YES;
				CLANG_WARN_CONSTANT_CONVERSION = YES;
				CLANG_WARN_DEPRECATED_OBJC_IMPLEMENTATIONS = YES;
				CLANG_WARN_DIRECT_OBJC_ISA_USAGE = YES_ERROR;
				CLANG_WARN_DOCUMENTATION_COMMENTS = YES;
				CLANG_WARN_EMPTY_BODY = YES;
				CLANG_WARN_ENUM_CONVERSION = YES;
				CLANG_WARN_INFINITE_RECURSION = YES;
				CLANG_WARN_INT_CONVERSION = YES;
				CLANG_WARN_NON_LITERAL_NULL_CONVERSION = YES;
				CLANG_WARN_OBJC_IMPLICIT_RETAIN_SELF = YES;
				CLANG_WARN_OBJC_LITERAL_CONVERSION = YES;
				CLANG_WARN_OBJC_ROOT_CLASS = YES_ERROR;
				CLANG_WARN_QUOTED_INCLUDE_IN_FRAMEWORK_HEADER = YES;
				CLANG_WARN_RANGE_LOOP_ANALYSIS = YES;
				CLANG_WARN_STRICT_PROTOTYPES = YES;
				CLANG_WARN_SUSPICIOUS_MOVE = YES;
				CLANG_WARN_UNGUARDED_AVAILABILITY = YES_AGGRESSIVE;
				CLANG_WARN_UNREACHABLE_CODE = YES;
				CLANG_WARN__DUPLICATE_METHOD_MATCH = YES;
				COPY_PHASE_STRIP = NO;
				DEBUG_INFORMATION_FORMAT = "dwarf-with-dsym";
				ENABLE_NS_ASSERTIONS = NO;
				ENABLE_STRICT_OBJC_MSGSEND = YES;
				ENABLE_USER_SCRIPT_SANDBOXING = YES;
				GCC_C_LANGUAGE_STANDARD = gnu17;
				GCC_NO_COMMON_BLOCKS = YES;
				GCC_WARN_64_TO_32_BIT_CONVERSION = YES;
				GCC_WARN_ABOUT_RETURN_TYPE = YES_ERROR;
				GCC_WARN_UNDECLARED_SELECTOR = YES;
				GCC_WARN_UNINITIALIZED_AUTOS = YES_AGGRESSIVE;
				GCC_WARN_UNUSED_FUNCTION = YES;
				GCC_WARN_UNUSED_VARIABLE = YES;
				IPHONEOS_DEPLOYMENT_TARGET = 17.0;
				LOCALIZATION_PREFERS_STRING_CATALOGS = YES;
				MTL_ENABLE_DEBUG_INFO = NO;
				MTL_FAST_MATH = YES;
				SDKROOT = iphoneos;
				SWIFT_COMPILATION_MODE = wholemodule;
				VALIDATE_PRODUCT = YES;
			};
			name = Release;
		};
		C65A82E62BEEFE50006CAEAE /* Debug */ = {
			isa = XCBuildConfiguration;
			buildSettings = {
				ASSETCATALOG_COMPILER_APPICON_NAME = AppIcon;
				ASSETCATALOG_COMPILER_GLOBAL_ACCENT_COLOR_NAME = AccentColor;
				CODE_SIGN_STYLE = Automatic;
				CURRENT_PROJECT_VERSION = 1;
				DEVELOPMENT_ASSET_PATHS = "\"Landmarks/Preview Content\"";
				DEVELOPMENT_TEAM = SD8J3B58T9;
				ENABLE_PREVIEWS = YES;
				GENERATE_INFOPLIST_FILE = YES;
				INFOPLIST_KEY_UIApplicationSceneManifest_Generation = YES;
				INFOPLIST_KEY_UIApplicationSupportsIndirectInputEvents = YES;
				INFOPLIST_KEY_UILaunchScreen_Generation = YES;
				INFOPLIST_KEY_UISupportedInterfaceOrientations_iPad = "UIInterfaceOrientationPortrait UIInterfaceOrientationPortraitUpsideDown UIInterfaceOrientationLandscapeLeft UIInterfaceOrientationLandscapeRight";
				INFOPLIST_KEY_UISupportedInterfaceOrientations_iPhone = "UIInterfaceOrientationPortrait UIInterfaceOrientationLandscapeLeft UIInterfaceOrientationLandscapeRight";
				LD_RUNPATH_SEARCH_PATHS = (
					"$(inherited)",
					"@executable_path/Frameworks",
				);
				MARKETING_VERSION = 1.0;
				PRODUCT_BUNDLE_IDENTIFIER = "SwiftUI-Tutorial-Doogie.Landmarks";
				PRODUCT_NAME = "$(TARGET_NAME)";
				SWIFT_EMIT_LOC_STRINGS = YES;
				SWIFT_VERSION = 5.0;
				TARGETED_DEVICE_FAMILY = "1,2";
			};
			name = Debug;
		};
		C65A82E72BEEFE50006CAEAE /* Release */ = {
			isa = XCBuildConfiguration;
			buildSettings = {
				ASSETCATALOG_COMPILER_APPICON_NAME = AppIcon;
				ASSETCATALOG_COMPILER_GLOBAL_ACCENT_COLOR_NAME = AccentColor;
				CODE_SIGN_STYLE = Automatic;
				CURRENT_PROJECT_VERSION = 1;
				DEVELOPMENT_ASSET_PATHS = "\"Landmarks/Preview Content\"";
				DEVELOPMENT_TEAM = SD8J3B58T9;
				ENABLE_PREVIEWS = YES;
				GENERATE_INFOPLIST_FILE = YES;
				INFOPLIST_KEY_UIApplicationSceneManifest_Generation = YES;
				INFOPLIST_KEY_UIApplicationSupportsIndirectInputEvents = YES;
				INFOPLIST_KEY_UILaunchScreen_Generation = YES;
				INFOPLIST_KEY_UISupportedInterfaceOrientations_iPad = "UIInterfaceOrientationPortrait UIInterfaceOrientationPortraitUpsideDown UIInterfaceOrientationLandscapeLeft UIInterfaceOrientationLandscapeRight";
				INFOPLIST_KEY_UISupportedInterfaceOrientations_iPhone = "UIInterfaceOrientationPortrait UIInterfaceOrientationLandscapeLeft UIInterfaceOrientationLandscapeRight";
				LD_RUNPATH_SEARCH_PATHS = (
					"$(inherited)",
					"@executable_path/Frameworks",
				);
				MARKETING_VERSION = 1.0;
				PRODUCT_BUNDLE_IDENTIFIER = "SwiftUI-Tutorial-Doogie.Landmarks";
				PRODUCT_NAME = "$(TARGET_NAME)";
				SWIFT_EMIT_LOC_STRINGS = YES;
				SWIFT_VERSION = 5.0;
				TARGETED_DEVICE_FAMILY = "1,2";
			};
			name = Release;
		};
/* End XCBuildConfiguration section */

/* Begin XCConfigurationList section */
		C65A82D22BEEFE4F006CAEAE /* Build configuration list for PBXProject "Landmarks" */ = {
			isa = XCConfigurationList;
			buildConfigurations = (
				C65A82E32BEEFE50006CAEAE /* Debug */,
				C65A82E42BEEFE50006CAEAE /* Release */,
			);
			defaultConfigurationIsVisible = 0;
			defaultConfigurationName = Release;
		};
		C65A82E52BEEFE50006CAEAE /* Build configuration list for PBXNativeTarget "Landmarks" */ = {
			isa = XCConfigurationList;
			buildConfigurations = (
				C65A82E62BEEFE50006CAEAE /* Debug */,
				C65A82E72BEEFE50006CAEAE /* Release */,
			);
			defaultConfigurationIsVisible = 0;
			defaultConfigurationName = Release;
		};
/* End XCConfigurationList section */
	};
	rootObject = C65A82CF2BEEFE4F006CAEAE /* Project object */;
}
